
Microsoft Visual Studio Solution File, Format Version 12.00
# Visual Studio Version 16
VisualStudioVersion = 16.0.31402.337
MinimumVisualStudioVersion = 10.0.40219.1
Project("{FAE04EC0-301F-11D3-BF4B-00C04F79EFBC}") = "dyn", "dyn\dyn.csproj", "{687935F3-46D3-4FB3-8AFB-48B3B5251B60}"
EndProject
Global
	GlobalSection(SolutionConfigurationPlatforms) = preSolution
		Debug|Any CPU = Debug|Any CPU
		Release|Any CPU = Release|Any CPU
	EndGlobalSection
	GlobalSection(ProjectConfigurationPlatforms) = postSolution
		{687935F3-46D3-4FB3-8AFB-48B3B5251B60}.Debug|Any CPU.ActiveCfg = Debug|Any CPU
		{687935F3-46D3-4FB3-8AFB-48B3B5251B60}.Debug|Any CPU.Build.0 = Debug|Any CPU
		{687935F3-46D3-4FB3-8AFB-48B3B5251B60}.Release|Any CPU.ActiveCfg = Release|Any CPU
		{687935F3-46D3-4FB3-8AFB-48B3B5251B60}.Release|Any CPU.Build.0 = Release|Any CPU
	EndGlobalSection
	GlobalSection(SolutionProperties) = preSolution
		HideSolutionNode = FALSE
	EndGlobalSection
	GlobalSection(ExtensibilityGlobals) = postSolution
		SolutionGuid = {5CD414F5-0CB6-4089-9716-F619106259C5}
	EndGlobalSection
EndGlobal
